
Microsoft Visual Studio Solution File, Format Version 12.00
# Visual Studio Version 17
VisualStudioVersion = 17.8.34309.116
MinimumVisualStudioVersion = 10.0.40219.1
Project("{FAE04EC0-301F-11D3-BF4B-00C04F79EFBC}") = "Projekt Szkolny system oceniania", "Projekt Szkolny system oceniania\Projekt Szkolny system oceniania.csproj", "{4E082359-53FB-4263-922F-2DD03EE2BEC1}"
EndProject
Global
	GlobalSection(SolutionConfigurationPlatforms) = preSolution
		Debug|Any CPU = Debug|Any CPU
		Release|Any CPU = Release|Any CPU
	EndGlobalSection
	GlobalSection(ProjectConfigurationPlatforms) = postSolution
		{4E082359-53FB-4263-922F-2DD03EE2BEC1}.Debug|Any CPU.ActiveCfg = Debug|Any CPU
		{4E082359-53FB-4263-922F-2DD03EE2BEC1}.Debug|Any CPU.Build.0 = Debug|Any CPU
		{4E082359-53FB-4263-922F-2DD03EE2BEC1}.Release|Any CPU.ActiveCfg = Release|Any CPU
		{4E082359-53FB-4263-922F-2DD03EE2BEC1}.Release|Any CPU.Build.0 = Release|Any CPU
	EndGlobalSection
	GlobalSection(SolutionProperties) = preSolution
		HideSolutionNode = FALSE
	EndGlobalSection
	GlobalSection(ExtensibilityGlobals) = postSolution
		SolutionGuid = {5AE14359-C75A-447C-B55E-EE104E869901}
	EndGlobalSection
EndGlobal
